
Microsoft Visual Studio Solution File, Format Version 12.00
# Visual Studio Version 16
VisualStudioVersion = 16.0.31112.23
MinimumVisualStudioVersion = 10.0.40219.1
Project("{9A19103F-16F7-4668-BE54-9A1E7A4F7556}") = "NLPService", "NLPService\NLPService.csproj", "{2A5CC9FB-895B-4C49-97BB-4CE04F7BFBDB}"
EndProject
Project("{FAE04EC0-301F-11D3-BF4B-00C04F79EFBC}") = "DataHandlerAzureBlob", "DataHandlerAzureBlob\DataHandlerAzureBlob.csproj", "{921902F4-7601-47CB-B1AC-3B99313F15DC}"
EndProject
Project("{FAE04EC0-301F-11D3-BF4B-00C04F79EFBC}") = "NLPServiceTest", "NLPServiceTest\NLPServiceTest.csproj", "{13425AA6-74E6-4105-BE7A-D59A635793A2}"
EndProject
Global
	GlobalSection(SolutionConfigurationPlatforms) = preSolution
		Debug|Any CPU = Debug|Any CPU
		Release|Any CPU = Release|Any CPU
	EndGlobalSection
	GlobalSection(ProjectConfigurationPlatforms) = postSolution
		{2A5CC9FB-895B-4C49-97BB-4CE04F7BFBDB}.Debug|Any CPU.ActiveCfg = Debug|Any CPU
		{2A5CC9FB-895B-4C49-97BB-4CE04F7BFBDB}.Debug|Any CPU.Build.0 = Debug|Any CPU
		{2A5CC9FB-895B-4C49-97BB-4CE04F7BFBDB}.Release|Any CPU.ActiveCfg = Release|Any CPU
		{2A5CC9FB-895B-4C49-97BB-4CE04F7BFBDB}.Release|Any CPU.Build.0 = Release|Any CPU
		{921902F4-7601-47CB-B1AC-3B99313F15DC}.Debug|Any CPU.ActiveCfg = Debug|Any CPU
		{921902F4-7601-47CB-B1AC-3B99313F15DC}.Debug|Any CPU.Build.0 = Debug|Any CPU
		{921902F4-7601-47CB-B1AC-3B99313F15DC}.Release|Any CPU.ActiveCfg = Release|Any CPU
		{921902F4-7601-47CB-B1AC-3B99313F15DC}.Release|Any CPU.Build.0 = Release|Any CPU
		{13425AA6-74E6-4105-BE7A-D59A635793A2}.Debug|Any CPU.ActiveCfg = Debug|Any CPU
		{13425AA6-74E6-4105-BE7A-D59A635793A2}.Debug|Any CPU.Build.0 = Debug|Any CPU
		{13425AA6-74E6-4105-BE7A-D59A635793A2}.Release|Any CPU.ActiveCfg = Release|Any CPU
		{13425AA6-74E6-4105-BE7A-D59A635793A2}.Release|Any CPU.Build.0 = Release|Any CPU
	EndGlobalSection
	GlobalSection(SolutionProperties) = preSolution
		HideSolutionNode = FALSE
	EndGlobalSection
	GlobalSection(ExtensibilityGlobals) = postSolution
		SolutionGuid = {933EBDBD-FCE4-4575-AE54-1F8D87618C49}
	EndGlobalSection
EndGlobal
