
Microsoft Visual Studio Solution File, Format Version 12.00
# Visual Studio Version 16
VisualStudioVersion = 16.0.31129.286
MinimumVisualStudioVersion = 10.0.40219.1
Project("{FAE04EC0-301F-11D3-BF4B-00C04F79EFBC}") = "APITest", "APITest\APITest.csproj", "{3F4D1EDA-9DC9-48CA-A08F-296F92D83509}"
EndProject
Global
	GlobalSection(SolutionConfigurationPlatforms) = preSolution
		Debug|Any CPU = Debug|Any CPU
		Release|Any CPU = Release|Any CPU
	EndGlobalSection
	GlobalSection(ProjectConfigurationPlatforms) = postSolution
		{3F4D1EDA-9DC9-48CA-A08F-296F92D83509}.Debug|Any CPU.ActiveCfg = Debug|Any CPU
		{3F4D1EDA-9DC9-48CA-A08F-296F92D83509}.Debug|Any CPU.Build.0 = Debug|Any CPU
		{3F4D1EDA-9DC9-48CA-A08F-296F92D83509}.Release|Any CPU.ActiveCfg = Release|Any CPU
		{3F4D1EDA-9DC9-48CA-A08F-296F92D83509}.Release|Any CPU.Build.0 = Release|Any CPU
	EndGlobalSection
	GlobalSection(SolutionProperties) = preSolution
		HideSolutionNode = FALSE
	EndGlobalSection
	GlobalSection(ExtensibilityGlobals) = postSolution
		SolutionGuid = {546B975B-B726-478E-B20C-74FC414FADED}
	EndGlobalSection
EndGlobal
