
Microsoft Visual Studio Solution File, Format Version 12.00
# Visual Studio Version 16
VisualStudioVersion = 16.0.31112.23
MinimumVisualStudioVersion = 10.0.40219.1
Project("{9A19103F-16F7-4668-BE54-9A1E7A4F7556}") = "Authentication-API", "Authentication-API\Authentication-API.csproj", "{E89FA81B-185F-444B-99DE-2D34F629B8E3}"
EndProject
Global
	GlobalSection(SolutionConfigurationPlatforms) = preSolution
		Debug|Any CPU = Debug|Any CPU
		Release|Any CPU = Release|Any CPU
	EndGlobalSection
	GlobalSection(ProjectConfigurationPlatforms) = postSolution
		{E89FA81B-185F-444B-99DE-2D34F629B8E3}.Debug|Any CPU.ActiveCfg = Debug|Any CPU
		{E89FA81B-185F-444B-99DE-2D34F629B8E3}.Debug|Any CPU.Build.0 = Debug|Any CPU
		{E89FA81B-185F-444B-99DE-2D34F629B8E3}.Release|Any CPU.ActiveCfg = Release|Any CPU
		{E89FA81B-185F-444B-99DE-2D34F629B8E3}.Release|Any CPU.Build.0 = Release|Any CPU
	EndGlobalSection
	GlobalSection(SolutionProperties) = preSolution
		HideSolutionNode = FALSE
	EndGlobalSection
	GlobalSection(ExtensibilityGlobals) = postSolution
		SolutionGuid = {FFAA865A-DE58-4CF4-A3D7-80F2FA47DDCF}
	EndGlobalSection
EndGlobal
