
Microsoft Visual Studio Solution File, Format Version 12.00
# Visual Studio Version 16
VisualStudioVersion = 16.0.31112.23
MinimumVisualStudioVersion = 10.0.40219.1
Project("{FAE04EC0-301F-11D3-BF4B-00C04F79EFBC}") = "TestNPL", "TestNPL\TestNPL.csproj", "{FD1BA602-E237-4D1C-896D-B0482E1A44D7}"
EndProject
Global
	GlobalSection(SolutionConfigurationPlatforms) = preSolution
		Debug|Any CPU = Debug|Any CPU
		Release|Any CPU = Release|Any CPU
	EndGlobalSection
	GlobalSection(ProjectConfigurationPlatforms) = postSolution
		{FD1BA602-E237-4D1C-896D-B0482E1A44D7}.Debug|Any CPU.ActiveCfg = Debug|Any CPU
		{FD1BA602-E237-4D1C-896D-B0482E1A44D7}.Debug|Any CPU.Build.0 = Debug|Any CPU
		{FD1BA602-E237-4D1C-896D-B0482E1A44D7}.Release|Any CPU.ActiveCfg = Release|Any CPU
		{FD1BA602-E237-4D1C-896D-B0482E1A44D7}.Release|Any CPU.Build.0 = Release|Any CPU
	EndGlobalSection
	GlobalSection(SolutionProperties) = preSolution
		HideSolutionNode = FALSE
	EndGlobalSection
	GlobalSection(ExtensibilityGlobals) = postSolution
		SolutionGuid = {E3E58CBB-4E6F-4400-85A4-BF6FAE72889B}
	EndGlobalSection
EndGlobal
